{
  "name": "cui-wallet-tutorial",
  "version": "0.0.1",
  "lockfileVersion": 1,
  "requires": true,
  "dependencies": {
    "@cryptoeconomicslab/coder": {
      "version": "0.3.4",
      "resolved": "https://registry.npmjs.org/@cryptoeconomicslab/coder/-/coder-0.3.4.tgz",
      "integrity": "sha512-kZQRwpMBsjf0/19yNgv+eVRG05SeucHn0XqBYmo260W4nwKYxAkWPQ1E7+nmeczdW6n4Ju/es1XtRFZK/GMeMQ==",
      "requires": {
        "jsbi": "^3.1.2"
      }
    },
    "@cryptoeconomicslab/context": {
      "version": "0.3.4",
      "resolved": "https://registry.npmjs.org/@cryptoeconomicslab/context/-/context-0.3.4.tgz",
      "integrity": "sha512-DlBIius91MG0cMetrmyxOBF1NEmdYxRoSonlkFXzi6cLsgKUqvfLDX+vSNuDot21uDJ0UE2C9R9iUEv5Mq99yg=="
    },
    "@cryptoeconomicslab/contract": {
      "version": "0.3.4",
      "resolved": "https://registry.npmjs.org/@cryptoeconomicslab/contract/-/contract-0.3.4.tgz",
      "integrity": "sha512-IoINbeRXnWX6k6rVqbeSkebhhgd1t8SIaYBAhOX4MCJb9c7GNrRhtXO6YTmrdl/Tmztfj2jX0zhik0TtOOOT3Q==",
      "requires": {
        "@cryptoeconomicslab/coder": "^0.3.4",
        "@cryptoeconomicslab/db": "^0.3.4",
        "@cryptoeconomicslab/ovm": "^0.3.4"
      }
    },
    "@cryptoeconomicslab/db": {
      "version": "0.3.4",
      "resolved": "https://registry.npmjs.org/@cryptoeconomicslab/db/-/db-0.3.4.tgz",
      "integrity": "sha512-ZOr+alPKfFAyYAPgiVY+Nk8AMyfJ/MxHe+otvEkwRSwwPAY+ZUoiejOgapI/dKsC5baeVGwI/ILz9Kf5wLikOg==",
      "requires": {
        "@cryptoeconomicslab/coder": "^0.3.4",
        "@cryptoeconomicslab/context": "^0.3.4",
        "@cryptoeconomicslab/utils": "^0.3.4",
        "abstract-leveldown": "^6.2.2",
        "jsbi": "^3.1.2"
      }
    },
    "@cryptoeconomicslab/eth-coder": {
      "version": "0.3.4",
      "resolved": "https://registry.npmjs.org/@cryptoeconomicslab/eth-coder/-/eth-coder-0.3.4.tgz",
      "integrity": "sha512-p1XWzWCafYiMaFPUw6Q9gm0lIimNnylpYMbpy1wpHu7SdaEbMVYIitXcFIaYQASpFtTbh0///Lv++RgdCEEcEw==",
      "requires": {
        "ethers": "^4.0.46",
        "jsbi": "^3.1.2"
      }
    },
    "@cryptoeconomicslab/eth-contract": {
      "version": "0.3.4",
      "resolved": "https://registry.npmjs.org/@cryptoeconomicslab/eth-contract/-/eth-contract-0.3.4.tgz",
      "integrity": "sha512-PAzmpipTPFjihTElGKbTbLzTlJIIXMDBIwqyqdK4TlZrLvUt+4xbiD4ycIoGMpjW3ALavMgBkV0h/Uk0b78nMA==",
      "requires": {
        "@cryptoeconomicslab/contract": "^0.3.4",
        "@cryptoeconomicslab/db": "^0.3.4",
        "@cryptoeconomicslab/ovm": "^0.3.4",
        "ethers": "^4.0.46",
        "jsbi": "^3.1.2"
      }
    },
    "@cryptoeconomicslab/eth-plasma-light-client": {
      "version": "0.3.4",
      "resolved": "https://registry.npmjs.org/@cryptoeconomicslab/eth-plasma-light-client/-/eth-plasma-light-client-0.3.4.tgz",
      "integrity": "sha512-khblSIo66KxsOj5XXUVphVYK1ngWdjCbsdOQrLGjhQVSy9qCu7SCM0fEy/p2oVdV7ZctVa+AfE3PwzbwFhzdAA==",
      "requires": {
        "@cryptoeconomicslab/eth-coder": "^0.3.4",
        "@cryptoeconomicslab/eth-contract": "^0.3.4",
        "@cryptoeconomicslab/eth-wallet": "^0.3.4",
        "@cryptoeconomicslab/ovm": "^0.3.4",
        "@cryptoeconomicslab/plasma-light-client": "^0.3.4",
        "ethers": "^4.0.46"
      }
    },
    "@cryptoeconomicslab/eth-wallet": {
      "version": "0.3.4",
      "resolved": "https://registry.npmjs.org/@cryptoeconomicslab/eth-wallet/-/eth-wallet-0.3.4.tgz",
      "integrity": "sha512-W0ZhurBWK5COCgKjaw3F2rpZOy3UlcoC5thMMYvmvvnGPLcz+GLl96uhdnQhW2Qs7LAQQD2g8+TE6hwHvoek8Q==",
      "requires": {
        "@cryptoeconomicslab/signature": "^0.3.4",
        "@cryptoeconomicslab/wallet": "^0.3.4",
        "bignumber.js": "^9.0.0",
        "ethers": "^4.0.46",
        "jsbi": "^3.1.2"
      }
    },
    "@cryptoeconomicslab/hash": {
      "version": "0.3.4",
      "resolved": "https://registry.npmjs.org/@cryptoeconomicslab/hash/-/hash-0.3.4.tgz",
      "integrity": "sha512-Gy+emcfnQwWTdbbJ9bDredyHF+sikUU/sRWg5rwRlRQVUjdIg2f/Z5mmJOusqJy3P3vkSES3DaRxkjLBZbJbbg==",
      "requires": {
        "ethers": "^4.0.46"
      }
    },
    "@cryptoeconomicslab/indexeddb-kvs": {
      "version": "0.0.3",
      "resolved": "https://registry.npmjs.org/@cryptoeconomicslab/indexeddb-kvs/-/indexeddb-kvs-0.0.3.tgz",
      "integrity": "sha512-PgqSoAn7J3f6iAl+3d1jAp/8xBRmrG2INu+S8FazTMMQGZs7xycuUcbBJ/1A9VKJ5ovcgfvindo7cHmTroRzNg=="
    },
    "@cryptoeconomicslab/level-kvs": {
      "version": "0.0.6",
      "resolved": "https://registry.npmjs.org/@cryptoeconomicslab/level-kvs/-/level-kvs-0.0.6.tgz",
      "integrity": "sha512-tTeh0W8FJLmCt7i7COGTowsfS1IGAn1+S8ASCYUTc3C7IX4jshitFMqiBO5D0qmroch7cso20MfLsWOxJH54Yg==",
      "requires": {
        "es6-promisify": "^6.0.2",
        "jsbi": "^3.1.1",
        "levelup": "^4.3.2",
        "memdown": "^5.1.0"
      }
    },
    "@cryptoeconomicslab/merkle-tree": {
      "version": "0.3.4",
      "resolved": "https://registry.npmjs.org/@cryptoeconomicslab/merkle-tree/-/merkle-tree-0.3.4.tgz",
      "integrity": "sha512-66hsdJV6M1cj28Iy5jc18bMHN8+ch+r75IDz84FsEG8jy0RRskgaLo4sNP6GVWWjYKUMq3jXUeTR8gnox46CzA==",
      "requires": {
        "@cryptoeconomicslab/hash": "^0.3.4",
        "@cryptoeconomicslab/utils": "^0.3.4",
        "jsbi": "^3.1.2"
      }
    },
    "@cryptoeconomicslab/ovm": {
      "version": "0.3.4",
      "resolved": "https://registry.npmjs.org/@cryptoeconomicslab/ovm/-/ovm-0.3.4.tgz",
      "integrity": "sha512-BoJ4wM6xOIo6w+MNV2PijDHe8EumUEVjLK2tq2N3hc9Z+bo4iEdBMqoRTY8aJqIaswIz7hKObprVOmleTLMhfg==",
      "requires": {
        "@cryptoeconomicslab/coder": "^0.3.4",
        "@cryptoeconomicslab/db": "^0.3.4",
        "@cryptoeconomicslab/hash": "^0.3.4",
        "@cryptoeconomicslab/ovm-parser": "^0.3.0",
        "@cryptoeconomicslab/ovm-transpiler": "^0.3.4",
        "@cryptoeconomicslab/primitives": "^0.3.4",
        "@cryptoeconomicslab/signature": "^0.3.4",
        "@cryptoeconomicslab/utils": "^0.3.4",
        "jsbi": "^3.1.2"
      }
    },
    "@cryptoeconomicslab/ovm-parser": {
      "version": "0.3.0",
      "resolved": "https://registry.npmjs.org/@cryptoeconomicslab/ovm-parser/-/ovm-parser-0.3.0.tgz",
      "integrity": "sha512-cAfGSj7SElAjileFkqJs1Sxk+HxP9iT+2udLL3Lbk2Y4etU/YFn3PyVZR8r0oJbKNOAgcDiH6wJNrfOXoIapUA==",
      "requires": {
        "pegjs": "^0.10.0",
        "tslib": "^1.11.1"
      }
    },
    "@cryptoeconomicslab/ovm-transpiler": {
      "version": "0.3.4",
      "resolved": "https://registry.npmjs.org/@cryptoeconomicslab/ovm-transpiler/-/ovm-transpiler-0.3.4.tgz",
      "integrity": "sha512-EBYVc8zZi9fcwosczkW6oI5kHg65GM6ZZWFZK6ewhG7mtNkOzYb6uhduwG2hL9WNSSKlwmDCWMEyTm1rGAYIWA==",
      "requires": {
        "@cryptoeconomicslab/coder": "^0.3.4",
        "@cryptoeconomicslab/context": "^0.3.4",
        "@cryptoeconomicslab/ovm-parser": "^0.3.0",
        "tslib": "^1.11.1"
      }
    },
    "@cryptoeconomicslab/plasma": {
      "version": "0.3.4",
      "resolved": "https://registry.npmjs.org/@cryptoeconomicslab/plasma/-/plasma-0.3.4.tgz",
      "integrity": "sha512-rX6HRwxN+twyu30ckVGr8ks4UIaDONC8hEwRiCU05ey8qeUALf6ayattqWoxhLhRm7EuZp5U8+RykNEZ1ev3Jw==",
      "requires": {
        "@cryptoeconomicslab/db": "^0.3.4",
        "@cryptoeconomicslab/hash": "^0.3.4",
        "@cryptoeconomicslab/merkle-tree": "^0.3.4",
        "@cryptoeconomicslab/ovm": "^0.3.4",
        "jsbi": "^3.1.2"
      }
    },
    "@cryptoeconomicslab/plasma-light-client": {
      "version": "0.3.4",
      "resolved": "https://registry.npmjs.org/@cryptoeconomicslab/plasma-light-client/-/plasma-light-client-0.3.4.tgz",
      "integrity": "sha512-Au1BEG7XqgernLGTTlpk6GOhh0iZgje9I4LCArjF9OIxP1H+lVxrsNwmDaft/FNVG48cfx8fPWCd0mR2HxSxMg==",
      "requires": {
        "@cryptoeconomicslab/coder": "^0.3.4",
        "@cryptoeconomicslab/contract": "^0.3.4",
        "@cryptoeconomicslab/db": "^0.3.4",
        "@cryptoeconomicslab/hash": "^0.3.4",
        "@cryptoeconomicslab/indexeddb-kvs": "^0.0.3",
        "@cryptoeconomicslab/merkle-tree": "^0.3.4",
        "@cryptoeconomicslab/ovm": "^0.3.4",
        "@cryptoeconomicslab/plasma": "^0.3.4",
        "@cryptoeconomicslab/wallet": "^0.3.4",
        "axios": "^0.19.2",
        "event-emitter": "^0.3.5",
        "jsbi": "^3.1.2"
      }
    },
    "@cryptoeconomicslab/primitives": {
      "version": "0.3.4",
      "resolved": "https://registry.npmjs.org/@cryptoeconomicslab/primitives/-/primitives-0.3.4.tgz",
      "integrity": "sha512-/XnibfMHx4JJllz5Fj9lq36i+MBhvuJOkoV0FzBco/9eXp9c1/vhhlquJ3qcKJxbekWDONMd36qukJyJRks6LA==",
      "requires": {
        "jsbi": "^3.1.2",
        "text-encoding": "^0.7.0"
      }
    },
    "@cryptoeconomicslab/signature": {
      "version": "0.3.4",
      "resolved": "https://registry.npmjs.org/@cryptoeconomicslab/signature/-/signature-0.3.4.tgz",
      "integrity": "sha512-eZwmLxbTi5el4XWHp2tkYsuzg9WhwZ49MxdsFlsp8VxwiIdkpTjr6WWEHm5ZemaPS8rlVW/W5nFUpoxB6927gw==",
      "requires": {
        "ethers": "^4.0.46",
        "tweetnacl": "^1.0.3"
      }
    },
    "@cryptoeconomicslab/utils": {
      "version": "0.3.4",
      "resolved": "https://registry.npmjs.org/@cryptoeconomicslab/utils/-/utils-0.3.4.tgz",
      "integrity": "sha512-8AggoqjGShRgMT6owOoc50s40iufcFXay5emHxtl2fIqr1ELSHeT38WKyqgTHNY4JYeWjdrQBc/5eTfmUsfY2g==",
      "requires": {
        "jsbi": "^3.1.2"
      }
    },
    "@cryptoeconomicslab/wallet": {
      "version": "0.3.4",
      "resolved": "https://registry.npmjs.org/@cryptoeconomicslab/wallet/-/wallet-0.3.4.tgz",
      "integrity": "sha512-AkHJy3QR0Z4p4lu1crdmvIOPbQrGJq3z0G57FOREOKY/aanNCb3GHPWAPhyA49rB8UVlYn8JGVZZwy7jpj4rIA==",
      "requires": {
        "jsbi": "^3.1.2"
      }
    },
    "abstract-leveldown": {
      "version": "6.2.2",
      "resolved": "https://registry.npmjs.org/abstract-leveldown/-/abstract-leveldown-6.2.2.tgz",
      "integrity": "sha512-/a+Iwj0rn//CX0EJOasNyZJd2o8xur8Ce9C57Sznti/Ilt/cb6Qd8/k98A4ZOklXgTG+iAYYUs1OTG0s1eH+zQ==",
      "requires": {
        "level-concat-iterator": "~2.0.0",
        "level-supports": "~1.0.0",
        "xtend": "~4.0.0"
      }
    },
    "aes-js": {
      "version": "3.0.0",
      "resolved": "https://registry.npmjs.org/aes-js/-/aes-js-3.0.0.tgz",
      "integrity": "sha1-4h3xCtbCBTKVvLuNq0Cwnb6ofk0="
    },
    "axios": {
      "version": "0.19.2",
      "resolved": "https://registry.npmjs.org/axios/-/axios-0.19.2.tgz",
      "integrity": "sha512-fjgm5MvRHLhx+osE2xoekY70AhARk3a6hkN+3Io1jc00jtquGvxYlKlsFUhmUET0V5te6CcZI7lcv2Ym61mjHA==",
      "requires": {
        "follow-redirects": "1.5.10"
      }
    },
    "bignumber.js": {
      "version": "9.0.0",
      "resolved": "https://registry.npmjs.org/bignumber.js/-/bignumber.js-9.0.0.tgz",
      "integrity": "sha512-t/OYhhJ2SD+YGBQcjY8GzzDHEk9f3nerxjtfa6tlMXfe7frs/WozhvCNoGvpM0P3bNf3Gq5ZRMlGr5f3r4/N8A=="
    },
    "bn.js": {
      "version": "4.11.8",
      "resolved": "https://registry.npmjs.org/bn.js/-/bn.js-4.11.8.tgz",
      "integrity": "sha512-ItfYfPLkWHUjckQCk8xC+LwxgK8NYcXywGigJgSwOP8Y2iyWT4f2vsZnoOXTTbo+o5yXmIUJ4gn5538SO5S3gA=="
    },
    "brorand": {
      "version": "1.1.0",
      "resolved": "https://registry.npmjs.org/brorand/-/brorand-1.1.0.tgz",
      "integrity": "sha1-EsJe/kCkXjwyPrhnWgoM5XsiNx8="
    },
    "d": {
      "version": "1.0.1",
      "resolved": "https://registry.npmjs.org/d/-/d-1.0.1.tgz",
      "integrity": "sha512-m62ShEObQ39CfralilEQRjH6oAMtNCV1xJyEx5LpRYUVN+EviphDgUc/F3hnYbADmkiNs67Y+3ylmlG7Lnu+FA==",
      "requires": {
        "es5-ext": "^0.10.50",
        "type": "^1.0.1"
      }
    },
    "debug": {
      "version": "3.1.0",
      "resolved": "https://registry.npmjs.org/debug/-/debug-3.1.0.tgz",
      "integrity": "sha512-OX8XqP7/1a9cqkxYw2yXss15f26NKWBpDXQd0/uK/KPqdQhxbPa994hnzjcE2VqQpDslf55723cKPUOGSmMY3g==",
      "requires": {
        "ms": "2.0.0"
      }
    },
    "deferred-leveldown": {
      "version": "5.3.0",
      "resolved": "https://registry.npmjs.org/deferred-leveldown/-/deferred-leveldown-5.3.0.tgz",
      "integrity": "sha512-a59VOT+oDy7vtAbLRCZwWgxu2BaCfd5Hk7wxJd48ei7I+nsg8Orlb9CLG0PMZienk9BSUKgeAqkO2+Lw+1+Ukw==",
      "requires": {
        "abstract-leveldown": "~6.2.1",
        "inherits": "^2.0.3"
      }
    },
    "elliptic": {
      "version": "6.5.2",
      "resolved": "https://registry.npmjs.org/elliptic/-/elliptic-6.5.2.tgz",
      "integrity": "sha512-f4x70okzZbIQl/NSRLkI/+tteV/9WqL98zx+SQ69KbXxmVrmjwsNUPn/gYJJ0sHvEak24cZgHIPegRePAtA/xw==",
      "requires": {
        "bn.js": "^4.4.0",
        "brorand": "^1.0.1",
        "hash.js": "^1.0.0",
        "hmac-drbg": "^1.0.0",
        "inherits": "^2.0.1",
        "minimalistic-assert": "^1.0.0",
        "minimalistic-crypto-utils": "^1.0.0"
      }
    },
    "errno": {
      "version": "0.1.7",
      "resolved": "https://registry.npmjs.org/errno/-/errno-0.1.7.tgz",
      "integrity": "sha512-MfrRBDWzIWifgq6tJj60gkAwtLNb6sQPlcFrSOflcP1aFmmruKQ2wRnze/8V6kgyz7H3FF8Npzv78mZ7XLLflg==",
      "requires": {
        "prr": "~1.0.1"
      }
    },
    "es5-ext": {
      "version": "0.10.53",
      "resolved": "https://registry.npmjs.org/es5-ext/-/es5-ext-0.10.53.tgz",
      "integrity": "sha512-Xs2Stw6NiNHWypzRTY1MtaG/uJlwCk8kH81920ma8mvN8Xq1gsfhZvpkImLQArw8AHnv8MT2I45J3c0R8slE+Q==",
      "requires": {
        "es6-iterator": "~2.0.3",
        "es6-symbol": "~3.1.3",
        "next-tick": "~1.0.0"
      }
    },
    "es6-iterator": {
      "version": "2.0.3",
      "resolved": "https://registry.npmjs.org/es6-iterator/-/es6-iterator-2.0.3.tgz",
      "integrity": "sha1-p96IkUGgWpSwhUQDstCg+/qY87c=",
      "requires": {
        "d": "1",
        "es5-ext": "^0.10.35",
        "es6-symbol": "^3.1.1"
      }
    },
    "es6-promisify": {
      "version": "6.1.0",
      "resolved": "https://registry.npmjs.org/es6-promisify/-/es6-promisify-6.1.0.tgz",
      "integrity": "sha512-jCsk2fpfEFusVv1MDkF4Uf0hAzIKNDMgR6LyOIw6a3jwkN1sCgWzuwgnsHY9YSQ8n8P31HoncvE0LC44cpWTrw=="
    },
    "es6-symbol": {
      "version": "3.1.3",
      "resolved": "https://registry.npmjs.org/es6-symbol/-/es6-symbol-3.1.3.tgz",
      "integrity": "sha512-NJ6Yn3FuDinBaBRWl/q5X/s4koRHBrgKAu+yGI6JCBeiu3qrcbJhwT2GeR/EXVfylRk8dpQVJoLEFhK+Mu31NA==",
      "requires": {
        "d": "^1.0.1",
        "ext": "^1.1.2"
      }
    },
    "ethers": {
      "version": "4.0.46",
      "resolved": "https://registry.npmjs.org/ethers/-/ethers-4.0.46.tgz",
      "integrity": "sha512-/dPMzzpInhtiip4hKFvsDiJKeRk64IhyA+Po7CtNXneQFSOCYXg8eBFt+jXbxUQyApgWnWOtYxWdfn9+CvvxDA==",
      "requires": {
        "aes-js": "3.0.0",
        "bn.js": "^4.4.0",
        "elliptic": "6.5.2",
        "hash.js": "1.1.3",
        "js-sha3": "0.5.7",
        "scrypt-js": "2.0.4",
        "setimmediate": "1.0.4",
        "uuid": "2.0.1",
        "xmlhttprequest": "1.8.0"
      }
    },
    "event-emitter": {
      "version": "0.3.5",
      "resolved": "https://registry.npmjs.org/event-emitter/-/event-emitter-0.3.5.tgz",
      "integrity": "sha1-34xp7vFkeSPHFXuc6DhAYQsCzDk=",
      "requires": {
        "d": "1",
        "es5-ext": "~0.10.14"
      }
    },
    "ext": {
      "version": "1.4.0",
      "resolved": "https://registry.npmjs.org/ext/-/ext-1.4.0.tgz",
      "integrity": "sha512-Key5NIsUxdqKg3vIsdw9dSuXpPCQ297y6wBjL30edxwPgt2E44WcWBZey/ZvUc6sERLTxKdyCu4gZFmUbk1Q7A==",
      "requires": {
        "type": "^2.0.0"
      },
      "dependencies": {
        "type": {
          "version": "2.0.0",
          "resolved": "https://registry.npmjs.org/type/-/type-2.0.0.tgz",
          "integrity": "sha512-KBt58xCHry4Cejnc2ISQAF7QY+ORngsWfxezO68+12hKV6lQY8P/psIkcbjeHWn7MqcgciWJyCCevFMJdIXpow=="
        }
      }
    },
    "follow-redirects": {
      "version": "1.5.10",
      "resolved": "https://registry.npmjs.org/follow-redirects/-/follow-redirects-1.5.10.tgz",
      "integrity": "sha512-0V5l4Cizzvqt5D44aTXbFZz+FtyXV1vrDN6qrelxtfYQKW0KO0W2T/hkE8xvGa/540LkZlkaUjO4ailYTFtHVQ==",
      "requires": {
        "debug": "=3.1.0"
      }
    },
    "functional-red-black-tree": {
      "version": "1.0.1",
      "resolved": "https://registry.npmjs.org/functional-red-black-tree/-/functional-red-black-tree-1.0.1.tgz",
      "integrity": "sha1-GwqzvVU7Kg1jmdKcDj6gslIHgyc="
    },
    "hash.js": {
      "version": "1.1.3",
      "resolved": "https://registry.npmjs.org/hash.js/-/hash.js-1.1.3.tgz",
      "integrity": "sha512-/UETyP0W22QILqS+6HowevwhEFJ3MBJnwTf75Qob9Wz9t0DPuisL8kW8YZMK62dHAKE1c1p+gY1TtOLY+USEHA==",
      "requires": {
        "inherits": "^2.0.3",
        "minimalistic-assert": "^1.0.0"
      }
    },
    "hmac-drbg": {
      "version": "1.0.1",
      "resolved": "https://registry.npmjs.org/hmac-drbg/-/hmac-drbg-1.0.1.tgz",
      "integrity": "sha1-0nRXAQJabHdabFRXk+1QL8DGSaE=",
      "requires": {
        "hash.js": "^1.0.3",
        "minimalistic-assert": "^1.0.0",
        "minimalistic-crypto-utils": "^1.0.1"
      }
    },
    "immediate": {
      "version": "3.2.3",
      "resolved": "https://registry.npmjs.org/immediate/-/immediate-3.2.3.tgz",
      "integrity": "sha1-0UD6j2FGWb1lQSMwl92qwlzdmRw="
    },
    "inherits": {
      "version": "2.0.4",
      "resolved": "https://registry.npmjs.org/inherits/-/inherits-2.0.4.tgz",
      "integrity": "sha512-k/vGaX4/Yla3WzyMCvTQOXYeIHvqOKtnqBduzTHpzpQZzAskKMhZ2K+EnBiSM9zGSoIFeMpXKxa4dYeZIQqewQ=="
    },
    "js-sha3": {
      "version": "0.5.7",
      "resolved": "https://registry.npmjs.org/js-sha3/-/js-sha3-0.5.7.tgz",
      "integrity": "sha1-DU/9gALVMzqrr0oj7tL2N0yfKOc="
    },
    "jsbi": {
      "version": "3.1.2",
      "resolved": "https://registry.npmjs.org/jsbi/-/jsbi-3.1.2.tgz",
      "integrity": "sha512-5nDXo1X9QVaXK/Cpb5VECV9ss1QPbjUuk1qSruHB1PK/g39Sd414K4nci99ElFDZv0vzxDEnKn3o49/Tn9Yagw=="
    },
    "level-concat-iterator": {
      "version": "2.0.1",
      "resolved": "https://registry.npmjs.org/level-concat-iterator/-/level-concat-iterator-2.0.1.tgz",
      "integrity": "sha512-OTKKOqeav2QWcERMJR7IS9CUo1sHnke2C0gkSmcR7QuEtFNLLzHQAvnMw8ykvEcv0Qtkg0p7FOwP1v9e5Smdcw=="
    },
    "level-errors": {
      "version": "2.0.1",
      "resolved": "https://registry.npmjs.org/level-errors/-/level-errors-2.0.1.tgz",
      "integrity": "sha512-UVprBJXite4gPS+3VznfgDSU8PTRuVX0NXwoWW50KLxd2yw4Y1t2JUR5In1itQnudZqRMT9DlAM3Q//9NCjCFw==",
      "requires": {
        "errno": "~0.1.1"
      }
    },
    "level-iterator-stream": {
      "version": "4.0.2",
      "resolved": "https://registry.npmjs.org/level-iterator-stream/-/level-iterator-stream-4.0.2.tgz",
      "integrity": "sha512-ZSthfEqzGSOMWoUGhTXdX9jv26d32XJuHz/5YnuHZzH6wldfWMOVwI9TBtKcya4BKTyTt3XVA0A3cF3q5CY30Q==",
      "requires": {
        "inherits": "^2.0.4",
        "readable-stream": "^3.4.0",
        "xtend": "^4.0.2"
      }
    },
    "level-supports": {
      "version": "1.0.1",
      "resolved": "https://registry.npmjs.org/level-supports/-/level-supports-1.0.1.tgz",
      "integrity": "sha512-rXM7GYnW8gsl1vedTJIbzOrRv85c/2uCMpiiCzO2fndd06U/kUXEEU9evYn4zFggBOg36IsBW8LzqIpETwwQzg==",
      "requires": {
        "xtend": "^4.0.2"
      }
    },
    "levelup": {
      "version": "4.3.2",
      "resolved": "https://registry.npmjs.org/levelup/-/levelup-4.3.2.tgz",
      "integrity": "sha512-cRTjU4ktWo59wf13PHEiOayHC3n0dOh4i5+FHr4tv4MX9+l7mqETicNq3Aj07HKlLdk0z5muVoDL2RD+ovgiyA==",
      "requires": {
        "deferred-leveldown": "~5.3.0",
        "level-errors": "~2.0.0",
        "level-iterator-stream": "~4.0.0",
        "level-supports": "~1.0.0",
        "xtend": "~4.0.0"
      }
    },
    "ltgt": {
      "version": "2.2.1",
      "resolved": "https://registry.npmjs.org/ltgt/-/ltgt-2.2.1.tgz",
      "integrity": "sha1-81ypHEk/e3PaDgdJUwTxezH4fuU="
    },
    "memdown": {
      "version": "5.1.0",
      "resolved": "https://registry.npmjs.org/memdown/-/memdown-5.1.0.tgz",
      "integrity": "sha512-B3J+UizMRAlEArDjWHTMmadet+UKwHd3UjMgGBkZcKAxAYVPS9o0Yeiha4qvz7iGiL2Sb3igUft6p7nbFWctpw==",
      "requires": {
        "abstract-leveldown": "~6.2.1",
        "functional-red-black-tree": "~1.0.1",
        "immediate": "~3.2.3",
        "inherits": "~2.0.1",
        "ltgt": "~2.2.0",
        "safe-buffer": "~5.2.0"
      }
    },
    "minimalistic-assert": {
      "version": "1.0.1",
      "resolved": "https://registry.npmjs.org/minimalistic-assert/-/minimalistic-assert-1.0.1.tgz",
      "integrity": "sha512-UtJcAD4yEaGtjPezWuO9wC4nwUnVH/8/Im3yEHQP4b67cXlD/Qr9hdITCU1xDbSEXg2XKNaP8jsReV7vQd00/A=="
    },
    "minimalistic-crypto-utils": {
      "version": "1.0.1",
      "resolved": "https://registry.npmjs.org/minimalistic-crypto-utils/-/minimalistic-crypto-utils-1.0.1.tgz",
      "integrity": "sha1-9sAMHAsIIkblxNmd+4x8CDsrWCo="
    },
    "ms": {
      "version": "2.0.0",
      "resolved": "https://registry.npmjs.org/ms/-/ms-2.0.0.tgz",
      "integrity": "sha1-VgiurfwAvmwpAd9fmGF4jeDVl8g="
    },
    "next-tick": {
      "version": "1.0.0",
      "resolved": "https://registry.npmjs.org/next-tick/-/next-tick-1.0.0.tgz",
      "integrity": "sha1-yobR/ogoFpsBICCOPchCS524NCw="
    },
    "pegjs": {
      "version": "0.10.0",
      "resolved": "https://registry.npmjs.org/pegjs/-/pegjs-0.10.0.tgz",
      "integrity": "sha1-z4uvrm7d/0tafvsYUmnqr0YQ3b0="
    },
    "prr": {
      "version": "1.0.1",
      "resolved": "https://registry.npmjs.org/prr/-/prr-1.0.1.tgz",
      "integrity": "sha1-0/wRS6BplaRexok/SEzrHXj19HY="
    },
    "readable-stream": {
      "version": "3.6.0",
      "resolved": "https://registry.npmjs.org/readable-stream/-/readable-stream-3.6.0.tgz",
      "integrity": "sha512-BViHy7LKeTz4oNnkcLJ+lVSL6vpiFeX6/d3oSH8zCW7UxP2onchk+vTGB143xuFjHS3deTgkKoXXymXqymiIdA==",
      "requires": {
        "inherits": "^2.0.3",
        "string_decoder": "^1.1.1",
        "util-deprecate": "^1.0.1"
      }
    },
    "safe-buffer": {
      "version": "5.2.0",
      "resolved": "https://registry.npmjs.org/safe-buffer/-/safe-buffer-5.2.0.tgz",
      "integrity": "sha512-fZEwUGbVl7kouZs1jCdMLdt95hdIv0ZeHg6L7qPeciMZhZ+/gdesW4wgTARkrFWEpspjEATAzUGPG8N2jJiwbg=="
    },
    "scrypt-js": {
      "version": "2.0.4",
      "resolved": "https://registry.npmjs.org/scrypt-js/-/scrypt-js-2.0.4.tgz",
      "integrity": "sha512-4KsaGcPnuhtCZQCxFxN3GVYIhKFPTdLd8PLC552XwbMndtD0cjRFAhDuuydXQ0h08ZfPgzqe6EKHozpuH74iDw=="
    },
    "setimmediate": {
      "version": "1.0.4",
      "resolved": "https://registry.npmjs.org/setimmediate/-/setimmediate-1.0.4.tgz",
      "integrity": "sha1-IOgd5iLUoCWIzgyNqJc8vPHTE48="
    },
    "string_decoder": {
      "version": "1.3.0",
      "resolved": "https://registry.npmjs.org/string_decoder/-/string_decoder-1.3.0.tgz",
      "integrity": "sha512-hkRX8U1WjJFd8LsDJ2yQ/wWWxaopEsABU1XfkM8A+j0+85JAGppt16cr1Whg6KIbb4okU6Mql6BOj+uup/wKeA==",
      "requires": {
        "safe-buffer": "~5.2.0"
      }
    },
    "text-encoding": {
      "version": "0.7.0",
      "resolved": "https://registry.npmjs.org/text-encoding/-/text-encoding-0.7.0.tgz",
      "integrity": "sha512-oJQ3f1hrOnbRLOcwKz0Liq2IcrvDeZRHXhd9RgLrsT+DjWY/nty1Hi7v3dtkaEYbPYe0mUoOfzRrMwfXXwgPUA=="
    },
    "tslib": {
      "version": "1.11.1",
      "resolved": "https://registry.npmjs.org/tslib/-/tslib-1.11.1.tgz",
      "integrity": "sha512-aZW88SY8kQbU7gpV19lN24LtXh/yD4ZZg6qieAJDDg+YBsJcSmLGK9QpnUjAKVG/xefmvJGd1WUmfpT/g6AJGA=="
    },
    "tweetnacl": {
      "version": "1.0.3",
      "resolved": "https://registry.npmjs.org/tweetnacl/-/tweetnacl-1.0.3.tgz",
      "integrity": "sha512-6rt+RN7aOi1nGMyC4Xa5DdYiukl2UWCbcJft7YhxReBGQD7OAM8Pbxw6YMo4r2diNEA8FEmu32YOn9rhaiE5yw=="
    },
    "type": {
      "version": "1.2.0",
      "resolved": "https://registry.npmjs.org/type/-/type-1.2.0.tgz",
      "integrity": "sha512-+5nt5AAniqsCnu2cEQQdpzCAh33kVx8n0VoFidKpB1dVVLAN/F+bgVOqOJqOnEnrhp222clB5p3vUlD+1QAnfg=="
    },
    "util-deprecate": {
      "version": "1.0.2",
      "resolved": "https://registry.npmjs.org/util-deprecate/-/util-deprecate-1.0.2.tgz",
      "integrity": "sha1-RQ1Nyfpw3nMnYvvS1KKJgUGaDM8="
    },
    "uuid": {
      "version": "2.0.1",
      "resolved": "https://registry.npmjs.org/uuid/-/uuid-2.0.1.tgz",
      "integrity": "sha1-wqMN7bPlNdcsz4LjQ5QaULqFM6w="
    },
    "xmlhttprequest": {
      "version": "1.8.0",
      "resolved": "https://registry.npmjs.org/xmlhttprequest/-/xmlhttprequest-1.8.0.tgz",
      "integrity": "sha1-Z/4HXFwk/vOfnWX197f+dRcZaPw="
    },
    "xtend": {
      "version": "4.0.2",
      "resolved": "https://registry.npmjs.org/xtend/-/xtend-4.0.2.tgz",
      "integrity": "sha512-LKYU1iAXJXUgAXn9URjiu+MWhyUXHsvfp7mcuYm9dSUKK0/CjtrUwFAxD82/mCWbtLsGjFIad0wIsod4zrTAEQ=="
    }
  }
}
